
Microsoft Visual Studio Solution File, Format Version 12.00
# Visual Studio Version 16
VisualStudioVersion = 16.0.31702.278
MinimumVisualStudioVersion = 10.0.40219.1
Project("{FAE04EC0-301F-11D3-BF4B-00C04F79EFBC}") = "Lab7_Task1", "Lab7_Task1\Lab7_Task1.csproj", "{1C3B14B3-B7BF-46FB-8F9A-4005EC204676}"
EndProject
Project("{FAE04EC0-301F-11D3-BF4B-00C04F79EFBC}") = "Lab7_Task2", "..\Lab7_Task2\Lab7_Task2.csproj", "{C978B69D-F96F-4DE2-9B30-1CA3A512CEFD}"
EndProject
Global
	GlobalSection(SolutionConfigurationPlatforms) = preSolution
		Debug|Any CPU = Debug|Any CPU
		Release|Any CPU = Release|Any CPU
	EndGlobalSection
	GlobalSection(ProjectConfigurationPlatforms) = postSolution
		{1C3B14B3-B7BF-46FB-8F9A-4005EC204676}.Debug|Any CPU.ActiveCfg = Debug|Any CPU
		{1C3B14B3-B7BF-46FB-8F9A-4005EC204676}.Debug|Any CPU.Build.0 = Debug|Any CPU
		{1C3B14B3-B7BF-46FB-8F9A-4005EC204676}.Release|Any CPU.ActiveCfg = Release|Any CPU
		{1C3B14B3-B7BF-46FB-8F9A-4005EC204676}.Release|Any CPU.Build.0 = Release|Any CPU
		{C978B69D-F96F-4DE2-9B30-1CA3A512CEFD}.Debug|Any CPU.ActiveCfg = Debug|Any CPU
		{C978B69D-F96F-4DE2-9B30-1CA3A512CEFD}.Debug|Any CPU.Build.0 = Debug|Any CPU
		{C978B69D-F96F-4DE2-9B30-1CA3A512CEFD}.Release|Any CPU.ActiveCfg = Release|Any CPU
		{C978B69D-F96F-4DE2-9B30-1CA3A512CEFD}.Release|Any CPU.Build.0 = Release|Any CPU
	EndGlobalSection
	GlobalSection(SolutionProperties) = preSolution
		HideSolutionNode = FALSE
	EndGlobalSection
	GlobalSection(ExtensibilityGlobals) = postSolution
		SolutionGuid = {C27460B5-34B2-4BA8-A56B-F38A3F60C63B}
	EndGlobalSection
EndGlobal
